
Microsoft Visual Studio Solution File, Format Version 12.00
# Visual Studio Version 17
VisualStudioVersion = 17.7.34024.191
MinimumVisualStudioVersion = 10.0.40219.1
Project("{FAE04EC0-301F-11D3-BF4B-00C04F79EFBC}") = "HelloDevOps", "HelloDevOps\HelloDevOps.csproj", "{92B0E1CC-2903-4950-9BCF-8917D5090AFD}"
EndProject
Global
	GlobalSection(SolutionConfigurationPlatforms) = preSolution
		Debug|Any CPU = Debug|Any CPU
		Release|Any CPU = Release|Any CPU
	EndGlobalSection
	GlobalSection(ProjectConfigurationPlatforms) = postSolution
		{92B0E1CC-2903-4950-9BCF-8917D5090AFD}.Debug|Any CPU.ActiveCfg = Debug|Any CPU
		{92B0E1CC-2903-4950-9BCF-8917D5090AFD}.Debug|Any CPU.Build.0 = Debug|Any CPU
		{92B0E1CC-2903-4950-9BCF-8917D5090AFD}.Release|Any CPU.ActiveCfg = Release|Any CPU
		{92B0E1CC-2903-4950-9BCF-8917D5090AFD}.Release|Any CPU.Build.0 = Release|Any CPU
	EndGlobalSection
	GlobalSection(SolutionProperties) = preSolution
		HideSolutionNode = FALSE
	EndGlobalSection
	GlobalSection(ExtensibilityGlobals) = postSolution
		SolutionGuid = {78227E04-8CD3-45D6-AAAB-61413F394CB4}
	EndGlobalSection
EndGlobal
